
Microsoft Visual Studio Solution File, Format Version 12.00
# Visual Studio Version 17
VisualStudioVersion = 17.11.35312.102
MinimumVisualStudioVersion = 10.0.40219.1
Project("{FAE04EC0-301F-11D3-BF4B-00C04F79EFBC}") = "Online_learning_platform", "Online_learning_platform\Online_learning_platform.csproj", "{448F1668-4A6E-4CC2-880D-1118F60CD665}"
EndProject
Global
	GlobalSection(SolutionConfigurationPlatforms) = preSolution
		Debug|Any CPU = Debug|Any CPU
		Release|Any CPU = Release|Any CPU
	EndGlobalSection
	GlobalSection(ProjectConfigurationPlatforms) = postSolution
		{448F1668-4A6E-4CC2-880D-1118F60CD665}.Debug|Any CPU.ActiveCfg = Debug|Any CPU
		{448F1668-4A6E-4CC2-880D-1118F60CD665}.Debug|Any CPU.Build.0 = Debug|Any CPU
		{448F1668-4A6E-4CC2-880D-1118F60CD665}.Release|Any CPU.ActiveCfg = Release|Any CPU
		{448F1668-4A6E-4CC2-880D-1118F60CD665}.Release|Any CPU.Build.0 = Release|Any CPU
	EndGlobalSection
	GlobalSection(SolutionProperties) = preSolution
		HideSolutionNode = FALSE
	EndGlobalSection
	GlobalSection(ExtensibilityGlobals) = postSolution
		SolutionGuid = {AAA3884F-7FEE-4BFA-A8DB-9FFECCAB4918}
	EndGlobalSection
EndGlobal
